
Microsoft Visual Studio Solution File, Format Version 12.00
# Visual Studio Version 17
VisualStudioVersion = 17.6.33723.286
MinimumVisualStudioVersion = 10.0.40219.1
Project("{8BC9CEB8-8B4A-11D0-8D11-00A0C91BC942}") = "Algorithm", "Algorithm\Algorithm.vcxproj", "{CD132C94-C196-4F43-A9CB-61FBA2B1BD99}"
EndProject
Project("{8BC9CEB8-8B4A-11D0-8D11-00A0C91BC942}") = "Maze", "Maze\Maze.vcxproj", "{923F954C-4B43-4EC8-9D0C-6D1D9D59F708}"
EndProject
Global
	GlobalSection(SolutionConfigurationPlatforms) = preSolution
		Debug|x64 = Debug|x64
		Debug|x86 = Debug|x86
		Release|x64 = Release|x64
		Release|x86 = Release|x86
	EndGlobalSection
	GlobalSection(ProjectConfigurationPlatforms) = postSolution
		{CD132C94-C196-4F43-A9CB-61FBA2B1BD99}.Debug|x64.ActiveCfg = Debug|x64
		{CD132C94-C196-4F43-A9CB-61FBA2B1BD99}.Debug|x64.Build.0 = Debug|x64
		{CD132C94-C196-4F43-A9CB-61FBA2B1BD99}.Debug|x86.ActiveCfg = Debug|Win32
		{CD132C94-C196-4F43-A9CB-61FBA2B1BD99}.Debug|x86.Build.0 = Debug|Win32
		{CD132C94-C196-4F43-A9CB-61FBA2B1BD99}.Release|x64.ActiveCfg = Release|x64
		{CD132C94-C196-4F43-A9CB-61FBA2B1BD99}.Release|x64.Build.0 = Release|x64
		{CD132C94-C196-4F43-A9CB-61FBA2B1BD99}.Release|x86.ActiveCfg = Release|Win32
		{CD132C94-C196-4F43-A9CB-61FBA2B1BD99}.Release|x86.Build.0 = Release|Win32
		{923F954C-4B43-4EC8-9D0C-6D1D9D59F708}.Debug|x64.ActiveCfg = Debug|x64
		{923F954C-4B43-4EC8-9D0C-6D1D9D59F708}.Debug|x64.Build.0 = Debug|x64
		{923F954C-4B43-4EC8-9D0C-6D1D9D59F708}.Debug|x86.ActiveCfg = Debug|Win32
		{923F954C-4B43-4EC8-9D0C-6D1D9D59F708}.Debug|x86.Build.0 = Debug|Win32
		{923F954C-4B43-4EC8-9D0C-6D1D9D59F708}.Release|x64.ActiveCfg = Release|x64
		{923F954C-4B43-4EC8-9D0C-6D1D9D59F708}.Release|x64.Build.0 = Release|x64
		{923F954C-4B43-4EC8-9D0C-6D1D9D59F708}.Release|x86.ActiveCfg = Release|Win32
		{923F954C-4B43-4EC8-9D0C-6D1D9D59F708}.Release|x86.Build.0 = Release|Win32
	EndGlobalSection
	GlobalSection(SolutionProperties) = preSolution
		HideSolutionNode = FALSE
	EndGlobalSection
	GlobalSection(ExtensibilityGlobals) = postSolution
		SolutionGuid = {A744A872-AF2B-44EA-BE63-7B55C9DAD842}
	EndGlobalSection
EndGlobal
